
Microsoft Visual Studio Solution File, Format Version 12.00
# Visual Studio Version 16
VisualStudioVersion = 16.0.29102.190
MinimumVisualStudioVersion = 10.0.40219.1
Project("{FAE04EC0-301F-11D3-BF4B-00C04F79EFBC}") = "RolePlayingGame", "RolePlayingGame\RolePlayingGame.csproj", "{EF2DA4FF-5444-4ACC-8E41-260134A7D31D}"
EndProject
Project("{FAE04EC0-301F-11D3-BF4B-00C04F79EFBC}") = "TestsProject", "TestsProject\TestsProject.csproj", "{4A3E78BF-B040-406A-8F8B-BEF51C46DDE6}"
EndProject
Global
	GlobalSection(SolutionConfigurationPlatforms) = preSolution
		Debug|Any CPU = Debug|Any CPU
		Release|Any CPU = Release|Any CPU
	EndGlobalSection
	GlobalSection(ProjectConfigurationPlatforms) = postSolution
		{EF2DA4FF-5444-4ACC-8E41-260134A7D31D}.Debug|Any CPU.ActiveCfg = Debug|Any CPU
		{EF2DA4FF-5444-4ACC-8E41-260134A7D31D}.Debug|Any CPU.Build.0 = Debug|Any CPU
		{EF2DA4FF-5444-4ACC-8E41-260134A7D31D}.Release|Any CPU.ActiveCfg = Release|Any CPU
		{EF2DA4FF-5444-4ACC-8E41-260134A7D31D}.Release|Any CPU.Build.0 = Release|Any CPU
		{4A3E78BF-B040-406A-8F8B-BEF51C46DDE6}.Debug|Any CPU.ActiveCfg = Debug|Any CPU
		{4A3E78BF-B040-406A-8F8B-BEF51C46DDE6}.Debug|Any CPU.Build.0 = Debug|Any CPU
		{4A3E78BF-B040-406A-8F8B-BEF51C46DDE6}.Release|Any CPU.ActiveCfg = Release|Any CPU
		{4A3E78BF-B040-406A-8F8B-BEF51C46DDE6}.Release|Any CPU.Build.0 = Release|Any CPU
	EndGlobalSection
	GlobalSection(SolutionProperties) = preSolution
		HideSolutionNode = FALSE
	EndGlobalSection
	GlobalSection(ExtensibilityGlobals) = postSolution
		SolutionGuid = {58A1F7E6-9E47-4BCA-BEBF-892F1D35EBFD}
	EndGlobalSection
EndGlobal
